
Microsoft Visual Studio Solution File, Format Version 12.00
# Visual Studio Version 16
VisualStudioVersion = 16.0.30225.117
MinimumVisualStudioVersion = 10.0.40219.1
Project("{8BC9CEB8-8B4A-11D0-8D11-00A0C91BC942}") = "AOC2020", "AOC2020.vcxproj", "{F87264D0-38C2-40A5-8DD2-0E49B97B0647}"
EndProject
Global
	GlobalSection(SolutionConfigurationPlatforms) = preSolution
		Debug|x64 = Debug|x64
		Debug|x86 = Debug|x86
		Release|x64 = Release|x64
		Release|x86 = Release|x86
	EndGlobalSection
	GlobalSection(ProjectConfigurationPlatforms) = postSolution
		{F87264D0-38C2-40A5-8DD2-0E49B97B0647}.Debug|x64.ActiveCfg = Debug|x64
		{F87264D0-38C2-40A5-8DD2-0E49B97B0647}.Debug|x64.Build.0 = Debug|x64
		{F87264D0-38C2-40A5-8DD2-0E49B97B0647}.Debug|x86.ActiveCfg = Debug|Win32
		{F87264D0-38C2-40A5-8DD2-0E49B97B0647}.Debug|x86.Build.0 = Debug|Win32
		{F87264D0-38C2-40A5-8DD2-0E49B97B0647}.Release|x64.ActiveCfg = Release|x64
		{F87264D0-38C2-40A5-8DD2-0E49B97B0647}.Release|x64.Build.0 = Release|x64
		{F87264D0-38C2-40A5-8DD2-0E49B97B0647}.Release|x86.ActiveCfg = Release|Win32
		{F87264D0-38C2-40A5-8DD2-0E49B97B0647}.Release|x86.Build.0 = Release|Win32
	EndGlobalSection
	GlobalSection(SolutionProperties) = preSolution
		HideSolutionNode = FALSE
	EndGlobalSection
	GlobalSection(ExtensibilityGlobals) = postSolution
		SolutionGuid = {62C0A9A8-F1D9-4D22-B3C8-1D262B668EFE}
	EndGlobalSection
EndGlobal
